#
# This file is autogenerated by pip-compile with Python 3.13
# by the following command:
#
#    pip-compile --extra=dev --no-index --output-file=requirements-dev.lock --strip-extras pyproject.toml
#
alembic==1.19.1
    # via neria (pyproject.toml)
amqp==5.3.1
    # via kombu
annotated-doc==0.0.5
    # via fastapi
annotated-types==0.8.0
    # via pydantic
anyio==4.14.2
    # via
    #   httpx
    #   httpx2
    #   openai
    #   starlette
    #   watchfiles
argon2-cffi==25.1.0
    # via pwdlib
argon2-cffi-bindings==26.1.0
    # via argon2-cffi
billiard==4.2.4
    # via celery
boolean-py==5.0
    # via license-expression
boto3==1.43.83
    # via neria (pyproject.toml)
botocore==1.43.83
    # via
    #   boto3
    #   s3transfer
cachecontrol==0.14.4
    # via
    #   cachecontrol
    #   pip-audit
celery==5.6.3
    # via neria (pyproject.toml)
certifi==2026.7.22
    # via
    #   httpcore
    #   httpx
    #   requests
cffi==2.1.1
    # via
    #   argon2-cffi-bindings
    #   cryptography
charset-normalizer==3.5.1
    # via requests
click==8.5.0
    # via
    #   celery
    #   click-didyoumean
    #   click-plugins
    #   click-repl
    #   uvicorn
click-didyoumean==0.3.1
    # via celery
click-plugins==1.1.1.2
    # via celery
click-repl==0.3.0
    # via celery
colorama==0.4.6
    # via
    #   pytest
    #   tqdm
coverage==7.16.0
    # via pytest-cov
cryptography==50.0.1
    # via neria (pyproject.toml)
cyclonedx-python-lib==11.12.0
    # via pip-audit
defusedxml==0.7.1
    # via py-serializable
distro==1.9.0
    # via openai
fastapi==0.141.1
    # via neria (pyproject.toml)
filelock==3.32.5
    # via cachecontrol
greenlet==3.5.5
    # via sqlalchemy
h11==0.16.0
    # via
    #   httpcore
    #   httpcore2
    #   uvicorn
httpcore==1.0.9
    # via httpx
httpcore2==2.12.0
    # via httpx2
httptools==0.8.0
    # via uvicorn
httpx==0.28.1
    # via
    #   neria (pyproject.toml)
    #   openai
httpx2==2.12.0
    # via neria (pyproject.toml)
idna==3.19
    # via
    #   anyio
    #   httpx
    #   httpx2
    #   requests
iniconfig==2.3.0
    # via pytest
jiter==0.16.0
    # via openai
jmespath==1.1.0
    # via
    #   boto3
    #   botocore
kombu==5.6.2
    # via celery
license-expression==30.4.4
    # via cyclonedx-python-lib
lxml==6.1.2
    # via python-docx
mako==1.4.1
    # via alembic
markdown-it-py==4.2.0
    # via rich
markupsafe==3.0.3
    # via mako
mdurl==0.1.2
    # via markdown-it-py
msgpack==1.2.2
    # via cachecontrol
openai==2.54.0
    # via neria (pyproject.toml)
packageurl-python==0.17.6
    # via cyclonedx-python-lib
packaging==26.3
    # via
    #   kombu
    #   pip-audit
    #   pip-requirements-parser
    #   pytest
pip-api==0.0.34
    # via pip-audit
pip-audit==2.10.1
    # via neria (pyproject.toml)
pip-requirements-parser==32.0.1
    # via pip-audit
platformdirs==4.11.7
    # via pip-audit
pluggy==1.6.0
    # via
    #   pytest
    #   pytest-cov
prompt-toolkit==3.0.53
    # via click-repl
psycopg==3.3.4
    # via neria (pyproject.toml)
psycopg-binary==3.3.4
    # via psycopg
pwdlib==0.3.1
    # via neria (pyproject.toml)
py-serializable==2.1.0
    # via cyclonedx-python-lib
pycparser==3.0
    # via cffi
pydantic==2.13.5
    # via
    #   fastapi
    #   openai
    #   pydantic-settings
pydantic-core==2.46.5
    # via pydantic
pydantic-settings==2.15.0
    # via neria (pyproject.toml)
pygments==2.21.0
    # via
    #   pytest
    #   rich
pyjwt==2.13.0
    # via neria (pyproject.toml)
pyparsing==3.3.2
    # via pip-requirements-parser
pypdf==6.16.2
    # via neria (pyproject.toml)
pytest==8.4.2
    # via
    #   neria (pyproject.toml)
    #   pytest-cov
pytest-cov==6.3.0
    # via neria (pyproject.toml)
python-dateutil==2.9.0.post0
    # via
    #   botocore
    #   celery
python-docx==1.2.0
    # via neria (pyproject.toml)
python-dotenv==1.2.3
    # via
    #   pydantic-settings
    #   uvicorn
python-multipart==0.0.32
    # via neria (pyproject.toml)
pyyaml==6.0.3
    # via uvicorn
redis==6.4.0
    # via neria (pyproject.toml)
requests==2.34.2
    # via
    #   cachecontrol
    #   pip-audit
rich==15.0.0
    # via pip-audit
ruff==0.16.5
    # via neria (pyproject.toml)
s3transfer==0.19.2
    # via boto3
six==1.17.0
    # via python-dateutil
sniffio==1.3.1
    # via openai
sortedcontainers==2.4.0
    # via cyclonedx-python-lib
sqlalchemy==2.0.52
    # via
    #   alembic
    #   neria (pyproject.toml)
starlette==1.6.0
    # via fastapi
tomli==2.4.1
    # via pip-audit
tomli-w==1.2.0
    # via pip-audit
tqdm==4.70.0
    # via openai
truststore==0.10.4
    # via
    #   httpcore2
    #   httpx2
typing-extensions==4.16.0
    # via
    #   alembic
    #   fastapi
    #   openai
    #   pydantic
    #   pydantic-core
    #   python-docx
    #   sqlalchemy
    #   typing-inspection
typing-inspection==0.4.4
    # via
    #   fastapi
    #   pydantic
    #   pydantic-settings
tzdata==2026.3
    # via
    #   kombu
    #   psycopg
    #   tzlocal
tzlocal==5.4.4
    # via celery
urllib3==2.7.0
    # via
    #   botocore
    #   requests
uvicorn==0.52.4
    # via neria (pyproject.toml)
vine==5.1.0
    # via
    #   amqp
    #   celery
    #   kombu
watchfiles==1.2.0
    # via uvicorn
wcwidth==0.8.3
    # via prompt-toolkit
websockets==17.1
    # via uvicorn

# The following packages are considered to be unsafe in a requirements file:
# pip
